
Microsoft Visual Studio Solution File, Format Version 12.00
# Visual Studio Version 16
VisualStudioVersion = 16.0.31025.194
MinimumVisualStudioVersion = 10.0.40219.1
Project("{FAE04EC0-301F-11D3-BF4B-00C04F79EFBC}") = "WpfApp5", "WpfApp5.csproj", "{FF07AAB2-27B5-443C-BE9F-8BACF308F941}"
EndProject
Global
	GlobalSection(SolutionConfigurationPlatforms) = preSolution
		Debug|Any CPU = Debug|Any CPU
		Release|Any CPU = Release|Any CPU
	EndGlobalSection
	GlobalSection(ProjectConfigurationPlatforms) = postSolution
		{FF07AAB2-27B5-443C-BE9F-8BACF308F941}.Debug|Any CPU.ActiveCfg = Debug|Any CPU
		{FF07AAB2-27B5-443C-BE9F-8BACF308F941}.Debug|Any CPU.Build.0 = Debug|Any CPU
		{FF07AAB2-27B5-443C-BE9F-8BACF308F941}.Release|Any CPU.ActiveCfg = Release|Any CPU
		{FF07AAB2-27B5-443C-BE9F-8BACF308F941}.Release|Any CPU.Build.0 = Release|Any CPU
	EndGlobalSection
	GlobalSection(SolutionProperties) = preSolution
		HideSolutionNode = FALSE
	EndGlobalSection
	GlobalSection(ExtensibilityGlobals) = postSolution
		SolutionGuid = {46761246-A9C7-4F46-9028-9A56B0B0CE4D}
	EndGlobalSection
EndGlobal
