
Microsoft Visual Studio Solution File, Format Version 12.00
# Visual Studio Version 16
VisualStudioVersion = 16.0.31025.194
MinimumVisualStudioVersion = 10.0.40219.1
Project("{FAE04EC0-301F-11D3-BF4B-00C04F79EFBC}") = "WpfApp4", "WpfApp4.csproj", "{8B37F658-6819-40EE-8906-E288C439560B}"
EndProject
Global
	GlobalSection(SolutionConfigurationPlatforms) = preSolution
		Debug|Any CPU = Debug|Any CPU
		Release|Any CPU = Release|Any CPU
	EndGlobalSection
	GlobalSection(ProjectConfigurationPlatforms) = postSolution
		{8B37F658-6819-40EE-8906-E288C439560B}.Debug|Any CPU.ActiveCfg = Debug|Any CPU
		{8B37F658-6819-40EE-8906-E288C439560B}.Debug|Any CPU.Build.0 = Debug|Any CPU
		{8B37F658-6819-40EE-8906-E288C439560B}.Release|Any CPU.ActiveCfg = Release|Any CPU
		{8B37F658-6819-40EE-8906-E288C439560B}.Release|Any CPU.Build.0 = Release|Any CPU
	EndGlobalSection
	GlobalSection(SolutionProperties) = preSolution
		HideSolutionNode = FALSE
	EndGlobalSection
	GlobalSection(ExtensibilityGlobals) = postSolution
		SolutionGuid = {2DF4EA09-D02F-4931-9473-B11DE3EDAD6D}
	EndGlobalSection
EndGlobal
